// !$*UTF8*$!
{
	archiveVersion = 1;
	classes = {
	};
	objectVersion = 50;
	objects = {

/* Begin PBXBuildFile section */
		2A3DFBEB26B9AE4100B5401B /* AppDelegate.swift in Sources */ = {isa = PBXBuildFile; fileRef = 2A3DFBEA26B9AE4100B5401B /* AppDelegate.swift */; };
		2A3DFBED26B9AE4100B5401B /* SceneDelegate.swift in Sources */ = {isa = PBXBuildFile; fileRef = 2A3DFBEC26B9AE4100B5401B /* SceneDelegate.swift */; };
		2A3DFBEF26B9AE4100B5401B /* ViewController.swift in Sources */ = {isa = PBXBuildFile; fileRef = 2A3DFBEE26B9AE4100B5401B /* ViewController.swift */; };
		2A3DFBF226B9AE4100B5401B /* Main.storyboard in Resources */ = {isa = PBXBuildFile; fileRef = 2A3DFBF026B9AE4100B5401B /* Main.storyboard */; };
		2A3DFBF426B9AE4500B5401B /* Assets.xcassets in Resources */ = {isa = PBXBuildFile; fileRef = 2A3DFBF326B9AE4500B5401B /* Assets.xcassets */; };
		2A3DFBF726B9AE4500B5401B /* LaunchScreen.storyboard in Resources */ = {isa = PBXBuildFile; fileRef = 2A3DFBF526B9AE4500B5401B /* LaunchScreen.storyboard */; };
		2A3DFC0226B9AE4500B5401B /* Project7Tests.swift in Sources */ = {isa = PBXBuildFile; fileRef = 2A3DFC0126B9AE4500B5401B /* Project7Tests.swift */; };
		2A3DFC0D26B9AE4500B5401B /* Project7UITests.swift in Sources */ = {isa = PBXBuildFile; fileRef = 2A3DFC0C26B9AE4500B5401B /* Project7UITests.swift */; };
		2A3DFC1B26B9B3D200B5401B /* Petition.swift in Sources */ = {isa = PBXBuildFile; fileRef = 2A3DFC1A26B9B3D200B5401B /* Petition.swift */; };
		2A3DFC1D26B9B50C00B5401B /* Petitions.swift in Sources */ = {isa = PBXBuildFile; fileRef = 2A3DFC1C26B9B50C00B5401B /* Petitions.swift */; };
		2A3DFC1F26B9B86000B5401B /* DetailViewController.swift in Sources */ = {isa = PBXBuildFile; fileRef = 2A3DFC1E26B9B86000B5401B /* DetailViewController.swift */; };
/* End PBXBuildFile section */

/* Begin PBXContainerItemProxy section */
		2A3DFBFE26B9AE4500B5401B /* PBXContainerItemProxy */ = {
			isa = PBXContainerItemProxy;
			containerPortal = 2A3DFBDF26B9AE4100B5401B /* Project object */;
			proxyType = 1;
			remoteGlobalIDString = 2A3DFBE626B9AE4100B5401B;
			remoteInfo = Project7;
		};
		2A3DFC0926B9AE4500B5401B /* PBXContainerItemProxy */ = {
			isa = PBXContainerItemProxy;
			containerPortal = 2A3DFBDF26B9AE4100B5401B /* Project object */;
			proxyType = 1;
			remoteGlobalIDString = 2A3DFBE626B9AE4100B5401B;
			remoteInfo = Project7;
		};
/* End PBXContainerItemProxy section */

/* Begin PBXFileReference section */
		2A3DFBE726B9AE4100B5401B /* Project7.app */ = {isa = PBXFileReference; explicitFileType = wrapper.application; includeInIndex = 0; path = Project7.app; sourceTree = BUILT_PRODUCTS_DIR; };
		2A3DFBEA26B9AE4100B5401B /* AppDelegate.swift */ = {isa = PBXFileReference; lastKnownFileType = sourcecode.swift; path = AppDelegate.swift; sourceTree = "<group>"; };
		2A3DFBEC26B9AE4100B5401B /* SceneDelegate.swift */ = {isa = PBXFileReference; lastKnownFileType = sourcecode.swift; path = SceneDelegate.swift; sourceTree = "<group>"; };
		2A3DFBEE26B9AE4100B5401B /* ViewController.swift */ = {isa = PBXFileReference; lastKnownFileType = sourcecode.swift; path = ViewController.swift; sourceTree = "<group>"; };
		2A3DFBF126B9AE4100B5401B /* Base */ = {isa = PBXFileReference; lastKnownFileType = file.storyboard; name = Base; path = Base.lproj/Main.storyboard; sourceTree = "<group>"; };
		2A3DFBF326B9AE4500B5401B /* Assets.xcassets */ = {isa = PBXFileReference; lastKnownFileType = folder.assetcatalog; path = Assets.xcassets; sourceTree = "<group>"; };
		2A3DFBF626B9AE4500B5401B /* Base */ = {isa = PBXFileReference; lastKnownFileType = file.storyboard; name = Base; path = Base.lproj/LaunchScreen.storyboard; sourceTree = "<group>"; };
		2A3DFBF826B9AE4500B5401B /* Info.plist */ = {isa = PBXFileReference; lastKnownFileType = text.plist.xml; path = Info.plist; sourceTree = "<group>"; };
		2A3DFBFD26B9AE4500B5401B /* Project7Tests.xctest */ = {isa = PBXFileReference; explicitFileType = wrapper.cfbundle; includeInIndex = 0; path = Project7Tests.xctest; sourceTree = BUILT_PRODUCTS_DIR; };
		2A3DFC0126B9AE4500B5401B /* Project7Tests.swift */ = {isa = PBXFileReference; lastKnownFileType = sourcecode.swift; path = Project7Tests.swift; sourceTree = "<group>"; };
		2A3DFC0326B9AE4500B5401B /* Info.plist */ = {isa = PBXFileReference; lastKnownFileType = text.plist.xml; path = Info.plist; sourceTree = "<group>"; };
		2A3DFC0826B9AE4500B5401B /* Project7UITests.xctest */ = {isa = PBXFileReference; explicitFileType = wrapper.cfbundle; includeInIndex = 0; path = Project7UITests.xctest; sourceTree = BUILT_PRODUCTS_DIR; };
		2A3DFC0C26B9AE4500B5401B /* Project7UITests.swift */ = {isa = PBXFileReference; lastKnownFileType = sourcecode.swift; path = Project7UITests.swift; sourceTree = "<group>"; };
		2A3DFC0E26B9AE4500B5401B /* Info.plist */ = {isa = PBXFileReference; lastKnownFileType = text.plist.xml; path = Info.plist; sourceTree = "<group>"; };
		2A3DFC1A26B9B3D200B5401B /* Petition.swift */ = {isa = PBXFileReference; lastKnownFileType = sourcecode.swift; path = Petition.swift; sourceTree = "<group>"; };
		2A3DFC1C26B9B50C00B5401B /* Petitions.swift */ = {isa = PBXFileReference; lastKnownFileType = sourcecode.swift; path = Petitions.swift; sourceTree = "<group>"; };
		2A3DFC1E26B9B86000B5401B /* DetailViewController.swift */ = {isa = PBXFileReference; lastKnownFileType = sourcecode.swift; path = DetailViewController.swift; sourceTree = "<group>"; };
/* End PBXFileReference section */

/* Begin PBXFrameworksBuildPhase section */
		2A3DFBE426B9AE4100B5401B /* Frameworks */ = {
			isa = PBXFrameworksBuildPhase;
			buildActionMask = 2147483647;
			files = (
			);
			runOnlyForDeploymentPostprocessing = 0;
		};
		2A3DFBFA26B9AE4500B5401B /* Frameworks */ = {
			isa = PBXFrameworksBuildPhase;
			buildActionMask = 2147483647;
			files = (
			);
			runOnlyForDeploymentPostprocessing = 0;
		};
		2A3DFC0526B9AE4500B5401B /* Frameworks */ = {
			isa = PBXFrameworksBuildPhase;
			buildActionMask = 2147483647;
			files = (
			);
			runOnlyForDeploymentPostprocessing = 0;
		};
/* End PBXFrameworksBuildPhase section */

/* Begin PBXGroup section */
		2A3DFBDE26B9AE4100B5401B = {
			isa = PBXGroup;
			children = (
				2A3DFBE926B9AE4100B5401B /* Project7 */,
				2A3DFC0026B9AE4500B5401B /* Project7Tests */,
				2A3DFC0B26B9AE4500B5401B /* Project7UITests */,
				2A3DFBE826B9AE4100B5401B /* Products */,
			);
			sourceTree = "<group>";
		};
		2A3DFBE826B9AE4100B5401B /* Products */ = {
			isa = PBXGroup;
			children = (
				2A3DFBE726B9AE4100B5401B /* Project7.app */,
				2A3DFBFD26B9AE4500B5401B /* Project7Tests.xctest */,
				2A3DFC0826B9AE4500B5401B /* Project7UITests.xctest */,
			);
			name = Products;
			sourceTree = "<group>";
		};
		2A3DFBE926B9AE4100B5401B /* Project7 */ = {
			isa = PBXGroup;
			children = (
				2A3DFBEA26B9AE4100B5401B /* AppDelegate.swift */,
				2A3DFBEC26B9AE4100B5401B /* SceneDelegate.swift */,
				2A3DFBEE26B9AE4100B5401B /* ViewController.swift */,
				2A3DFC1E26B9B86000B5401B /* DetailViewController.swift */,
				2A3DFC1A26B9B3D200B5401B /* Petition.swift */,
				2A3DFC1C26B9B50C00B5401B /* Petitions.swift */,
				2A3DFBF026B9AE4100B5401B /* Main.storyboard */,
				2A3DFBF326B9AE4500B5401B /* Assets.xcassets */,
				2A3DFBF526B9AE4500B5401B /* LaunchScreen.storyboard */,
				2A3DFBF826B9AE4500B5401B /* Info.plist */,
			);
			path = Project7;
			sourceTree = "<group>";
		};
		2A3DFC0026B9AE4500B5401B /* Project7Tests */ = {
			isa = PBXGroup;
			children = (
				2A3DFC0126B9AE4500B5401B /* Project7Tests.swift */,
				2A3DFC0326B9AE4500B5401B /* Info.plist */,
			);
			path = Project7Tests;
			sourceTree = "<group>";
		};
		2A3DFC0B26B9AE4500B5401B /* Project7UITests */ = {
			isa = PBXGroup;
			children = (
				2A3DFC0C26B9AE4500B5401B /* Project7UITests.swift */,
				2A3DFC0E26B9AE4500B5401B /* Info.plist */,
			);
			path = Project7UITests;
			sourceTree = "<group>";
		};
/* End PBXGroup section */

/* Begin PBXNativeTarget section */
		2A3DFBE626B9AE4100B5401B /* Project7 */ = {
			isa = PBXNativeTarget;
			buildConfigurationList = 2A3DFC1126B9AE4500B5401B /* Build configuration list for PBXNativeTarget "Project7" */;
			buildPhases = (
				2A3DFBE326B9AE4100B5401B /* Sources */,
				2A3DFBE426B9AE4100B5401B /* Frameworks */,
				2A3DFBE526B9AE4100B5401B /* Resources */,
			);
			buildRules = (
			);
			dependencies = (
			);
			name = Project7;
			productName = Project7;
			productReference = 2A3DFBE726B9AE4100B5401B /* Project7.app */;
			productType = "com.apple.product-type.application";
		};
		2A3DFBFC26B9AE4500B5401B /* Project7Tests */ = {
			isa = PBXNativeTarget;
			buildConfigurationList = 2A3DFC1426B9AE4500B5401B /* Build configuration list for PBXNativeTarget "Project7Tests" */;
			buildPhases = (
				2A3DFBF926B9AE4500B5401B /* Sources */,
				2A3DFBFA26B9AE4500B5401B /* Frameworks */,
				2A3DFBFB26B9AE4500B5401B /* Resources */,
			);
			buildRules = (
			);
			dependencies = (
				2A3DFBFF26B9AE4500B5401B /* PBXTargetDependency */,
			);
			name = Project7Tests;
			productName = Project7Tests;
			productReference = 2A3DFBFD26B9AE4500B5401B /* Project7Tests.xctest */;
			productType = "com.apple.product-type.bundle.unit-test";
		};
		2A3DFC0726B9AE4500B5401B /* Project7UITests */ = {
			isa = PBXNativeTarget;
			buildConfigurationList = 2A3DFC1726B9AE4500B5401B /* Build configuration list for PBXNativeTarget "Project7UITests" */;
			buildPhases = (
				2A3DFC0426B9AE4500B5401B /* Sources */,
				2A3DFC0526B9AE4500B5401B /* Frameworks */,
				2A3DFC0626B9AE4500B5401B /* Resources */,
			);
			buildRules = (
			);
			dependencies = (
				2A3DFC0A26B9AE4500B5401B /* PBXTargetDependency */,
			);
			name = Project7UITests;
			productName = Project7UITests;
			productReference = 2A3DFC0826B9AE4500B5401B /* Project7UITests.xctest */;
			productType = "com.apple.product-type.bundle.ui-testing";
		};
/* End PBXNativeTarget section */

/* Begin PBXProject section */
		2A3DFBDF26B9AE4100B5401B /* Project object */ = {
			isa = PBXProject;
			attributes = {
				LastSwiftUpdateCheck = 1250;
				LastUpgradeCheck = 1250;
				TargetAttributes = {
					2A3DFBE626B9AE4100B5401B = {
						CreatedOnToolsVersion = 12.5;
					};
					2A3DFBFC26B9AE4500B5401B = {
						CreatedOnToolsVersion = 12.5;
						TestTargetID = 2A3DFBE626B9AE4100B5401B;
					};
					2A3DFC0726B9AE4500B5401B = {
						CreatedOnToolsVersion = 12.5;
						TestTargetID = 2A3DFBE626B9AE4100B5401B;
					};
				};
			};
			buildConfigurationList = 2A3DFBE226B9AE4100B5401B /* Build configuration list for PBXProject "Project7" */;
			compatibilityVersion = "Xcode 9.3";
			developmentRegion = en;
			hasScannedForEncodings = 0;
			knownRegions = (
				en,
				Base,
			);
			mainGroup = 2A3DFBDE26B9AE4100B5401B;
			productRefGroup = 2A3DFBE826B9AE4100B5401B /* Products */;
			projectDirPath = "";
			projectRoot = "";
			targets = (
				2A3DFBE626B9AE4100B5401B /* Project7 */,
				2A3DFBFC26B9AE4500B5401B /* Project7Tests */,
				2A3DFC0726B9AE4500B5401B /* Project7UITests */,
			);
		};
/* End PBXProject section */

/* Begin PBXResourcesBuildPhase section */
		2A3DFBE526B9AE4100B5401B /* Resources */ = {
			isa = PBXResourcesBuildPhase;
			buildActionMask = 2147483647;
			files = (
				2A3DFBF726B9AE4500B5401B /* LaunchScreen.storyboard in Resources */,
				2A3DFBF426B9AE4500B5401B /* Assets.xcassets in Resources */,
				2A3DFBF226B9AE4100B5401B /* Main.storyboard in Resources */,
			);
			runOnlyForDeploymentPostprocessing = 0;
		};
		2A3DFBFB26B9AE4500B5401B /* Resources */ = {
			isa = PBXResourcesBuildPhase;
			buildActionMask = 2147483647;
			files = (
			);
			runOnlyForDeploymentPostprocessing = 0;
		};
		2A3DFC0626B9AE4500B5401B /* Resources */ = {
			isa = PBXResourcesBuildPhase;
			buildActionMask = 2147483647;
			files = (
			);
			runOnlyForDeploymentPostprocessing = 0;
		};
/* End PBXResourcesBuildPhase section */

/* Begin PBXSourcesBuildPhase section */
		2A3DFBE326B9AE4100B5401B /* Sources */ = {
			isa = PBXSourcesBuildPhase;
			buildActionMask = 2147483647;
			files = (
				2A3DFBEF26B9AE4100B5401B /* ViewController.swift in Sources */,
				2A3DFC1B26B9B3D200B5401B /* Petition.swift in Sources */,
				2A3DFBEB26B9AE4100B5401B /* AppDelegate.swift in Sources */,
				2A3DFC1F26B9B86000B5401B /* DetailViewController.swift in Sources */,
				2A3DFBED26B9AE4100B5401B /* SceneDelegate.swift in Sources */,
				2A3DFC1D26B9B50C00B5401B /* Petitions.swift in Sources */,
			);
			runOnlyForDeploymentPostprocessing = 0;
		};
		2A3DFBF926B9AE4500B5401B /* Sources */ = {
			isa = PBXSourcesBuildPhase;
			buildActionMask = 2147483647;
			files = (
				2A3DFC0226B9AE4500B5401B /* Project7Tests.swift in Sources */,
			);
			runOnlyForDeploymentPostprocessing = 0;
		};
		2A3DFC0426B9AE4500B5401B /* Sources */ = {
			isa = PBXSourcesBuildPhase;
			buildActionMask = 2147483647;
			files = (
				2A3DFC0D26B9AE4500B5401B /* Project7UITests.swift in Sources */,
			);
			runOnlyForDeploymentPostprocessing = 0;
		};
/* End PBXSourcesBuildPhase section */

/* Begin PBXTargetDependency section */
		2A3DFBFF26B9AE4500B5401B /* PBXTargetDependency */ = {
			isa = PBXTargetDependency;
			target = 2A3DFBE626B9AE4100B5401B /* Project7 */;
			targetProxy = 2A3DFBFE26B9AE4500B5401B /* PBXContainerItemProxy */;
		};
		2A3DFC0A26B9AE4500B5401B /* PBXTargetDependency */ = {
			isa = PBXTargetDependency;
			target = 2A3DFBE626B9AE4100B5401B /* Project7 */;
			targetProxy = 2A3DFC0926B9AE4500B5401B /* PBXContainerItemProxy */;
		};
/* End PBXTargetDependency section */

/* Begin PBXVariantGroup section */
		2A3DFBF026B9AE4100B5401B /* Main.storyboard */ = {
			isa = PBXVariantGroup;
			children = (
				2A3DFBF126B9AE4100B5401B /* Base */,
			);
			name = Main.storyboard;
			sourceTree = "<group>";
		};
		2A3DFBF526B9AE4500B5401B /* LaunchScreen.storyboard */ = {
			isa = PBXVariantGroup;
			children = (
				2A3DFBF626B9AE4500B5401B /* Base */,
			);
			name = LaunchScreen.storyboard;
			sourceTree = "<group>";
		};
/* End PBXVariantGroup section */

/* Begin XCBuildConfiguration section */
		2A3DFC0F26B9AE4500B5401B /* Debug */ = {
			isa = XCBuildConfiguration;
			buildSettings = {
				ALWAYS_SEARCH_USER_PATHS = NO;
				CLANG_ANALYZER_NONNULL = YES;
				CLANG_ANALYZER_NUMBER_OBJECT_CONVERSION = YES_AGGRESSIVE;
				CLANG_CXX_LANGUAGE_STANDARD = "gnu++14";
				CLANG_CXX_LIBRARY = "libc++";
				CLANG_ENABLE_MODULES = YES;
				CLANG_ENABLE_OBJC_ARC = YES;
				CLANG_ENABLE_OBJC_WEAK = YES;
				CLANG_WARN_BLOCK_CAPTURE_AUTORELEASING = YES;
				CLANG_WARN_BOOL_CONVERSION = YES;
				CLANG_WARN_COMMA = YES;
				CLANG_WARN_CONSTANT_CONVERSION = YES;
				CLANG_WARN_DEPRECATED_OBJC_IMPLEMENTATIONS = YES;
				CLANG_WARN_DIRECT_OBJC_ISA_USAGE = YES_ERROR;
				CLANG_WARN_DOCUMENTATION_COMMENTS = YES;
				CLANG_WARN_EMPTY_BODY = YES;
				CLANG_WARN_ENUM_CONVERSION = YES;
				CLANG_WARN_INFINITE_RECURSION = YES;
				CLANG_WARN_INT_CONVERSION = YES;
				CLANG_WARN_NON_LITERAL_NULL_CONVERSION = YES;
				CLANG_WARN_OBJC_IMPLICIT_RETAIN_SELF = YES;
				CLANG_WARN_OBJC_LITERAL_CONVERSION = YES;
				CLANG_WARN_OBJC_ROOT_CLASS = YES_ERROR;
				CLANG_WARN_QUOTED_INCLUDE_IN_FRAMEWORK_HEADER = YES;
				CLANG_WARN_RANGE_LOOP_ANALYSIS = YES;
				CLANG_WARN_STRICT_PROTOTYPES = YES;
				CLANG_WARN_SUSPICIOUS_MOVE = YES;
				CLANG_WARN_UNGUARDED_AVAILABILITY = YES_AGGRESSIVE;
				CLANG_WARN_UNREACHABLE_CODE = YES;
				CLANG_WARN__DUPLICATE_METHOD_MATCH = YES;
				COPY_PHASE_STRIP = NO;
				DEBUG_INFORMATION_FORMAT = dwarf;
				ENABLE_STRICT_OBJC_MSGSEND = YES;
				ENABLE_TESTABILITY = YES;
				GCC_C_LANGUAGE_STANDARD = gnu11;
				GCC_DYNAMIC_NO_PIC = NO;
				GCC_NO_COMMON_BLOCKS = YES;
				GCC_OPTIMIZATION_LEVEL = 0;
				GCC_PREPROCESSOR_DEFINITIONS = (
					"DEBUG=1",
					"$(inherited)",
				);
				GCC_WARN_64_TO_32_BIT_CONVERSION = YES;
				GCC_WARN_ABOUT_RETURN_TYPE = YES_ERROR;
				GCC_WARN_UNDECLARED_SELECTOR = YES;
				GCC_WARN_UNINITIALIZED_AUTOS = YES_AGGRESSIVE;
				GCC_WARN_UNUSED_FUNCTION = YES;
				GCC_WARN_UNUSED_VARIABLE = YES;
				IPHONEOS_DEPLOYMENT_TARGET = 14.5;
				MTL_ENABLE_DEBUG_INFO = INCLUDE_SOURCE;
				MTL_FAST_MATH = YES;
				ONLY_ACTIVE_ARCH = YES;
				SDKROOT = iphoneos;
				SWIFT_ACTIVE_COMPILATION_CONDITIONS = DEBUG;
				SWIFT_OPTIMIZATION_LEVEL = "-Onone";
			};
			name = Debug;
		};
		2A3DFC1026B9AE4500B5401B /* Release */ = {
			isa = XCBuildConfiguration;
			buildSettings = {
				ALWAYS_SEARCH_USER_PATHS = NO;
				CLANG_ANALYZER_NONNULL = YES;
				CLANG_ANALYZER_NUMBER_OBJECT_CONVERSION = YES_AGGRESSIVE;
				CLANG_CXX_LANGUAGE_STANDARD = "gnu++14";
				CLANG_CXX_LIBRARY = "libc++";
				CLANG_ENABLE_MODULES = YES;
				CLANG_ENABLE_OBJC_ARC = YES;
				CLANG_ENABLE_OBJC_WEAK = YES;
				CLANG_WARN_BLOCK_CAPTURE_AUTORELEASING = YES;
				CLANG_WARN_BOOL_CONVERSION = YES;
				CLANG_WARN_COMMA = YES;
				CLANG_WARN_CONSTANT_CONVERSION = YES;
				CLANG_WARN_DEPRECATED_OBJC_IMPLEMENTATIONS = YES;
				CLANG_WARN_DIRECT_OBJC_ISA_USAGE = YES_ERROR;
				CLANG_WARN_DOCUMENTATION_COMMENTS = YES;
				CLANG_WARN_EMPTY_BODY = YES;
				CLANG_WARN_ENUM_CONVERSION = YES;
				CLANG_WARN_INFINITE_RECURSION = YES;
				CLANG_WARN_INT_CONVERSION = YES;
				CLANG_WARN_NON_LITERAL_NULL_CONVERSION = YES;
				CLANG_WARN_OBJC_IMPLICIT_RETAIN_SELF = YES;
				CLANG_WARN_OBJC_LITERAL_CONVERSION = YES;
				CLANG_WARN_OBJC_ROOT_CLASS = YES_ERROR;
				CLANG_WARN_QUOTED_INCLUDE_IN_FRAMEWORK_HEADER = YES;
				CLANG_WARN_RANGE_LOOP_ANALYSIS = YES;
				CLANG_WARN_STRICT_PROTOTYPES = YES;
				CLANG_WARN_SUSPICIOUS_MOVE = YES;
				CLANG_WARN_UNGUARDED_AVAILABILITY = YES_AGGRESSIVE;
				CLANG_WARN_UNREACHABLE_CODE = YES;
				CLANG_WARN__DUPLICATE_METHOD_MATCH = YES;
				COPY_PHASE_STRIP = NO;
				DEBUG_INFORMATION_FORMAT = "dwarf-with-dsym";
				ENABLE_NS_ASSERTIONS = NO;
				ENABLE_STRICT_OBJC_MSGSEND = YES;
				GCC_C_LANGUAGE_STANDARD = gnu11;
				GCC_NO_COMMON_BLOCKS = YES;
				GCC_WARN_64_TO_32_BIT_CONVERSION = YES;
				GCC_WARN_ABOUT_RETURN_TYPE = YES_ERROR;
				GCC_WARN_UNDECLARED_SELECTOR = YES;
				GCC_WARN_UNINITIALIZED_AUTOS = YES_AGGRESSIVE;
				GCC_WARN_UNUSED_FUNCTION = YES;
				GCC_WARN_UNUSED_VARIABLE = YES;
				IPHONEOS_DEPLOYMENT_TARGET = 14.5;
				MTL_ENABLE_DEBUG_INFO = NO;
				MTL_FAST_MATH = YES;
				SDKROOT = iphoneos;
				SWIFT_COMPILATION_MODE = wholemodule;
				SWIFT_OPTIMIZATION_LEVEL = "-O";
				VALIDATE_PRODUCT = YES;
			};
			name = Release;
		};
		2A3DFC1226B9AE4500B5401B /* Debug */ = {
			isa = XCBuildConfiguration;
			buildSettings = {
				ASSETCATALOG_COMPILER_APPICON_NAME = AppIcon;
				ASSETCATALOG_COMPILER_GLOBAL_ACCENT_COLOR_NAME = AccentColor;
				CODE_SIGN_STYLE = Automatic;
				INFOPLIST_FILE = Project7/Info.plist;
				LD_RUNPATH_SEARCH_PATHS = (
					"$(inherited)",
					"@executable_path/Frameworks",
				);
				PRODUCT_BUNDLE_IDENTIFIER = com.example.Project7;
				PRODUCT_NAME = "$(TARGET_NAME)";
				SWIFT_VERSION = 5.0;
				TARGETED_DEVICE_FAMILY = "1,2";
			};
			name = Debug;
		};
		2A3DFC1326B9AE4500B5401B /* Release */ = {
			isa = XCBuildConfiguration;
			buildSettings = {
				ASSETCATALOG_COMPILER_APPICON_NAME = AppIcon;
				ASSETCATALOG_COMPILER_GLOBAL_ACCENT_COLOR_NAME = AccentColor;
				CODE_SIGN_STYLE = Automatic;
				INFOPLIST_FILE = Project7/Info.plist;
				LD_RUNPATH_SEARCH_PATHS = (
					"$(inherited)",
					"@executable_path/Frameworks",
				);
				PRODUCT_BUNDLE_IDENTIFIER = com.example.Project7;
				PRODUCT_NAME = "$(TARGET_NAME)";
				SWIFT_VERSION = 5.0;
				TARGETED_DEVICE_FAMILY = "1,2";
			};
			name = Release;
		};
		2A3DFC1526B9AE4500B5401B /* Debug */ = {
			isa = XCBuildConfiguration;
			buildSettings = {
				ALWAYS_EMBED_SWIFT_STANDARD_LIBRARIES = YES;
				BUNDLE_LOADER = "$(TEST_HOST)";
				CODE_SIGN_STYLE = Automatic;
				INFOPLIST_FILE = Project7Tests/Info.plist;
				IPHONEOS_DEPLOYMENT_TARGET = 14.5;
				LD_RUNPATH_SEARCH_PATHS = (
					"$(inherited)",
					"@executable_path/Frameworks",
					"@loader_path/Frameworks",
				);
				PRODUCT_BUNDLE_IDENTIFIER = com.example.Project7Tests;
				PRODUCT_NAME = "$(TARGET_NAME)";
				SWIFT_VERSION = 5.0;
				TARGETED_DEVICE_FAMILY = "1,2";
				TEST_HOST = "$(BUILT_PRODUCTS_DIR)/Project7.app/Project7";
			};
			name = Debug;
		};
		2A3DFC1626B9AE4500B5401B /* Release */ = {
			isa = XCBuildConfiguration;
			buildSettings = {
				ALWAYS_EMBED_SWIFT_STANDARD_LIBRARIES = YES;
				BUNDLE_LOADER = "$(TEST_HOST)";
				CODE_SIGN_STYLE = Automatic;
				INFOPLIST_FILE = Project7Tests/Info.plist;
				IPHONEOS_DEPLOYMENT_TARGET = 14.5;
				LD_RUNPATH_SEARCH_PATHS = (
					"$(inherited)",
					"@executable_path/Frameworks",
					"@loader_path/Frameworks",
				);
				PRODUCT_BUNDLE_IDENTIFIER = com.example.Project7Tests;
				PRODUCT_NAME = "$(TARGET_NAME)";
				SWIFT_VERSION = 5.0;
				TARGETED_DEVICE_FAMILY = "1,2";
				TEST_HOST = "$(BUILT_PRODUCTS_DIR)/Project7.app/Project7";
			};
			name = Release;
		};
		2A3DFC1826B9AE4500B5401B /* Debug */ = {
			isa = XCBuildConfiguration;
			buildSettings = {
				ALWAYS_EMBED_SWIFT_STANDARD_LIBRARIES = YES;
				CODE_SIGN_STYLE = Automatic;
				INFOPLIST_FILE = Project7UITests/Info.plist;
				LD_RUNPATH_SEARCH_PATHS = (
					"$(inherited)",
					"@executable_path/Frameworks",
					"@loader_path/Frameworks",
				);
				PRODUCT_BUNDLE_IDENTIFIER = com.example.Project7UITests;
				PRODUCT_NAME = "$(TARGET_NAME)";
				SWIFT_VERSION = 5.0;
				TARGETED_DEVICE_FAMILY = "1,2";
				TEST_TARGET_NAME = Project7;
			};
			name = Debug;
		};
		2A3DFC1926B9AE4500B5401B /* Release */ = {
			isa = XCBuildConfiguration;
			buildSettings = {
				ALWAYS_EMBED_SWIFT_STANDARD_LIBRARIES = YES;
				CODE_SIGN_STYLE = Automatic;
				INFOPLIST_FILE = Project7UITests/Info.plist;
				LD_RUNPATH_SEARCH_PATHS = (
					"$(inherited)",
					"@executable_path/Frameworks",
					"@loader_path/Frameworks",
				);
				PRODUCT_BUNDLE_IDENTIFIER = com.example.Project7UITests;
				PRODUCT_NAME = "$(TARGET_NAME)";
				SWIFT_VERSION = 5.0;
				TARGETED_DEVICE_FAMILY = "1,2";
				TEST_TARGET_NAME = Project7;
			};
			name = Release;
		};
/* End XCBuildConfiguration section */

/* Begin XCConfigurationList section */
		2A3DFBE226B9AE4100B5401B /* Build configuration list for PBXProject "Project7" */ = {
			isa = XCConfigurationList;
			buildConfigurations = (
				2A3DFC0F26B9AE4500B5401B /* Debug */,
				2A3DFC1026B9AE4500B5401B /* Release */,
			);
			defaultConfigurationIsVisible = 0;
			defaultConfigurationName = Release;
		};
		2A3DFC1126B9AE4500B5401B /* Build configuration list for PBXNativeTarget "Project7" */ = {
			isa = XCConfigurationList;
			buildConfigurations = (
				2A3DFC1226B9AE4500B5401B /* Debug */,
				2A3DFC1326B9AE4500B5401B /* Release */,
			);
			defaultConfigurationIsVisible = 0;
			defaultConfigurationName = Release;
		};
		2A3DFC1426B9AE4500B5401B /* Build configuration list for PBXNativeTarget "Project7Tests" */ = {
			isa = XCConfigurationList;
			buildConfigurations = (
				2A3DFC1526B9AE4500B5401B /* Debug */,
				2A3DFC1626B9AE4500B5401B /* Release */,
			);
			defaultConfigurationIsVisible = 0;
			defaultConfigurationName = Release;
		};
		2A3DFC1726B9AE4500B5401B /* Build configuration list for PBXNativeTarget "Project7UITests" */ = {
			isa = XCConfigurationList;
			buildConfigurations = (
				2A3DFC1826B9AE4500B5401B /* Debug */,
				2A3DFC1926B9AE4500B5401B /* Release */,
			);
			defaultConfigurationIsVisible = 0;
			defaultConfigurationName = Release;
		};
/* End XCConfigurationList section */
	};
	rootObject = 2A3DFBDF26B9AE4100B5401B /* Project object */;
}
